{
  "requires": true,
  "lockfileVersion": 1,
  "dependencies": {
    "quill-cursors": {
      "version": "1.0.2",
      "resolved": "https://registry.npmjs.org/quill-cursors/-/quill-cursors-1.0.2.tgz",
      "integrity": "sha512-mWkhOA9TvdFklG1QwVAOS70hOSpiHiJ+eoIbSeEXI6no6wNQLavYo3eWYHXgvi6Z5/SjS0oSn+NLdpYuXgdA8Q==",
      "requires": {
        "rangefix": "0.2.5",
        "tinycolor2": "1.4.1"
      }
    },
    "rangefix": {
      "version": "0.2.5",
      "resolved": "https://registry.npmjs.org/rangefix/-/rangefix-0.2.5.tgz",
      "integrity": "sha1-vOeMkhsjWCuuIR9ZdGSlkf0alPk="
    },
    "tinycolor2": {
      "version": "1.4.1",
      "resolved": "https://registry.npmjs.org/tinycolor2/-/tinycolor2-1.4.1.tgz",
      "integrity": "sha1-9PrTM0R7wLB9TcjpIJ2POaisd+g="
    }
  }
}
